version: 1.0
shards:
  conf:
    github: data-niklas/conf
    commit: 02655150c3ec413102cb79a2f5d98253ff14e888

  cor:
    github: watzon/cor
    commit: 4b6f8c210f7ae768ae283fc306967c66c7a8fae7

  http_router:
    github: data-niklas/http_router
    commit: cf38d931c3107e13c943482c8ff2109534f6dcd9

  mediaplayer:
    github: data-niklas/mediaplayer
    commit: 864da3109ddbe3461ee6da77f963c395e4f1c30d

  ncurses:
    github: data-niklas/ncurses
    version: 0.0.7

  radix:
    github: luislavena/radix
    version: 0.3.9

  time_utils:
    github: data-niklas/time_utils
    commit: 04d2cfec9b99ec88c7338d08f7beff62389c9ec2

  toml:
    github: crystal-community/toml.cr
    commit: d02de85eed68a70dc97ab6d6e52831a4d0e890fe

  vlc:
    github: data-niklas/vlc
    commit: e7db6330f2aa78cb325b1e9f5e488d906b9b3a0a

